// !$*UTF8*$!
{
	archiveVersion = 1;
	classes = {
	};
	objectVersion = 77;
	objects = {

/* Begin PBXBuildFile section */
		062035AD2DED982E000C1182 /* SwiftKeychainWrapper in Frameworks */ = {isa = PBXBuildFile; productRef = 062035AC2DED982E000C1182 /* SwiftKeychainWrapper */; };
		062035AF2DED9B77000C1182 /* Alamofire in Frameworks */ = {isa = PBXBuildFile; productRef = 062035AE2DED9B77000C1182 /* Alamofire */; };
		06DB8D0E2DC721E000771BC2 /* Alamofire in Frameworks */ = {isa = PBXBuildFile; productRef = 06DB8D0D2DC721E000771BC2 /* Alamofire */; };
		06DB8D262DC7F87D00771BC2 /* SwiftKeychainWrapper in Frameworks */ = {isa = PBXBuildFile; productRef = 06DB8D252DC7F87D00771BC2 /* SwiftKeychainWrapper */; };
		06DCB8BC2DA36D1C000B649D /* ShareExtension.appex in Embed Foundation Extensions */ = {isa = PBXBuildFile; fileRef = 06DCB8B22DA36D1C000B649D /* ShareExtension.appex */; settings = {ATTRIBUTES = (RemoveHeadersOnCopy, ); }; };
/* End PBXBuildFile section */

/* Begin PBXContainerItemProxy section */
		06DCB8BA2DA36D1C000B649D /* PBXContainerItemProxy */ = {
			isa = PBXContainerItemProxy;
			containerPortal = 062DFC172D8A6A1200DF43BF /* Project object */;
			proxyType = 1;
			remoteGlobalIDString = 06DCB8B12DA36D1C000B649D;
			remoteInfo = ShareExtension;
		};
/* End PBXContainerItemProxy section */

/* Begin PBXCopyFilesBuildPhase section */
		06DCB8BD2DA36D1C000B649D /* Embed Foundation Extensions */ = {
			isa = PBXCopyFilesBuildPhase;
			buildActionMask = 2147483647;
			dstPath = "";
			dstSubfolderSpec = 13;
			files = (
				06DCB8BC2DA36D1C000B649D /* ShareExtension.appex in Embed Foundation Extensions */,
			);
			name = "Embed Foundation Extensions";
			runOnlyForDeploymentPostprocessing = 0;
		};
/* End PBXCopyFilesBuildPhase section */

/* Begin PBXFileReference section */
		062DFC1F2D8A6A1200DF43BF /* Linky.app */ = {isa = PBXFileReference; explicitFileType = wrapper.application; includeInIndex = 0; path = Linky.app; sourceTree = BUILT_PRODUCTS_DIR; };
		06DCB8B22DA36D1C000B649D /* ShareExtension.appex */ = {isa = PBXFileReference; explicitFileType = "wrapper.app-extension"; includeInIndex = 0; path = ShareExtension.appex; sourceTree = BUILT_PRODUCTS_DIR; };
		06F2F4B02DACDB4300980D16 /* Linky_macOS.app */ = {isa = PBXFileReference; explicitFileType = wrapper.application; includeInIndex = 0; path = Linky_macOS.app; sourceTree = BUILT_PRODUCTS_DIR; };
/* End PBXFileReference section */

/* Begin PBXFileSystemSynchronizedBuildFileExceptionSet section */
		064D45262DEDB7C80083AFB2 /* Exceptions for "ShareExtension" folder in "Linky" target */ = {
			isa = PBXFileSystemSynchronizedBuildFileExceptionSet;
			membershipExceptions = (
				"/Localized: MainInterface.storyboard",
				Info.plist,
				ShareViewController.swift,
			);
			target = 062DFC1E2D8A6A1200DF43BF /* Linky */;
		};
		064D45272DEDB7C80083AFB2 /* Exceptions for "ShareExtension" folder in "ShareExtension" target */ = {
			isa = PBXFileSystemSynchronizedBuildFileExceptionSet;
			membershipExceptions = (
				"/Localized: MainInterface.storyboard",
				ShareViewController.swift,
			);
			target = 06DCB8B12DA36D1C000B649D /* ShareExtension */;
		};
		06F8E42C2D8C081100E4F679 /* Exceptions for "Linky" folder in "Linky" target */ = {
			isa = PBXFileSystemSynchronizedBuildFileExceptionSet;
			membershipExceptions = (
				Info.plist,
			);
			target = 062DFC1E2D8A6A1200DF43BF /* Linky */;
		};
/* End PBXFileSystemSynchronizedBuildFileExceptionSet section */

/* Begin PBXFileSystemSynchronizedRootGroup section */
		062DFC212D8A6A1200DF43BF /* Linky */ = {
			isa = PBXFileSystemSynchronizedRootGroup;
			exceptions = (
				06F8E42C2D8C081100E4F679 /* Exceptions for "Linky" folder in "Linky" target */,
			);
			path = Linky;
			sourceTree = "<group>";
		};
		064D45232DEDB7C80083AFB2 /* ShareExtension */ = {
			isa = PBXFileSystemSynchronizedRootGroup;
			exceptions = (
				064D45262DEDB7C80083AFB2 /* Exceptions for "ShareExtension" folder in "Linky" target */,
				064D45272DEDB7C80083AFB2 /* Exceptions for "ShareExtension" folder in "ShareExtension" target */,
			);
			path = ShareExtension;
			sourceTree = "<group>";
		};
		06F2F4B12DACDB4300980D16 /* Linky_macOS */ = {
			isa = PBXFileSystemSynchronizedRootGroup;
			path = Linky_macOS;
			sourceTree = "<group>";
		};
/* End PBXFileSystemSynchronizedRootGroup section */

/* Begin PBXFrameworksBuildPhase section */
		062DFC1C2D8A6A1200DF43BF /* Frameworks */ = {
			isa = PBXFrameworksBuildPhase;
			buildActionMask = 2147483647;
			files = (
				06DB8D262DC7F87D00771BC2 /* SwiftKeychainWrapper in Frameworks */,
				06DB8D0E2DC721E000771BC2 /* Alamofire in Frameworks */,
			);
			runOnlyForDeploymentPostprocessing = 0;
		};
		06DCB8AF2DA36D1C000B649D /* Frameworks */ = {
			isa = PBXFrameworksBuildPhase;
			buildActionMask = 2147483647;
			files = (
				062035AD2DED982E000C1182 /* SwiftKeychainWrapper in Frameworks */,
				062035AF2DED9B77000C1182 /* Alamofire in Frameworks */,
			);
			runOnlyForDeploymentPostprocessing = 0;
		};
		06F2F4AD2DACDB4300980D16 /* Frameworks */ = {
			isa = PBXFrameworksBuildPhase;
			buildActionMask = 2147483647;
			files = (
			);
			runOnlyForDeploymentPostprocessing = 0;
		};
/* End PBXFrameworksBuildPhase section */

/* Begin PBXGroup section */
		062DFC162D8A6A1200DF43BF = {
			isa = PBXGroup;
			children = (
				062DFC202D8A6A1200DF43BF /* Products */,
				064D45232DEDB7C80083AFB2 /* ShareExtension */,
				062DFC212D8A6A1200DF43BF /* Linky */,
				06F2F4B12DACDB4300980D16 /* Linky_macOS */,
			);
			sourceTree = "<group>";
		};
		062DFC202D8A6A1200DF43BF /* Products */ = {
			isa = PBXGroup;
			children = (
				062DFC1F2D8A6A1200DF43BF /* Linky.app */,
				06DCB8B22DA36D1C000B649D /* ShareExtension.appex */,
				06F2F4B02DACDB4300980D16 /* Linky_macOS.app */,
			);
			name = Products;
			sourceTree = "<group>";
		};
/* End PBXGroup section */

/* Begin PBXNativeTarget section */
		062DFC1E2D8A6A1200DF43BF /* Linky */ = {
			isa = PBXNativeTarget;
			buildConfigurationList = 062DFC2D2D8A6A1300DF43BF /* Build configuration list for PBXNativeTarget "Linky" */;
			buildPhases = (
				062DFC1B2D8A6A1200DF43BF /* Sources */,
				062DFC1C2D8A6A1200DF43BF /* Frameworks */,
				062DFC1D2D8A6A1200DF43BF /* Resources */,
				06DCB8BD2DA36D1C000B649D /* Embed Foundation Extensions */,
			);
			buildRules = (
			);
			dependencies = (
				06DCB8BB2DA36D1C000B649D /* PBXTargetDependency */,
			);
			fileSystemSynchronizedGroups = (
				062DFC212D8A6A1200DF43BF /* Linky */,
				064D45232DEDB7C80083AFB2 /* ShareExtension */,
			);
			name = Linky;
			packageProductDependencies = (
				06DB8D0D2DC721E000771BC2 /* Alamofire */,
				06DB8D252DC7F87D00771BC2 /* SwiftKeychainWrapper */,
			);
			productName = Linky;
			productReference = 062DFC1F2D8A6A1200DF43BF /* Linky.app */;
			productType = "com.apple.product-type.application";
		};
		06DCB8B12DA36D1C000B649D /* ShareExtension */ = {
			isa = PBXNativeTarget;
			buildConfigurationList = 06DCB8C02DA36D1C000B649D /* Build configuration list for PBXNativeTarget "ShareExtension" */;
			buildPhases = (
				06DCB8AE2DA36D1C000B649D /* Sources */,
				06DCB8AF2DA36D1C000B649D /* Frameworks */,
				06DCB8B02DA36D1C000B649D /* Resources */,
			);
			buildRules = (
			);
			dependencies = (
			);
			name = ShareExtension;
			packageProductDependencies = (
				062035AC2DED982E000C1182 /* SwiftKeychainWrapper */,
				062035AE2DED9B77000C1182 /* Alamofire */,
			);
			productName = ShareExtension;
			productReference = 06DCB8B22DA36D1C000B649D /* ShareExtension.appex */;
			productType = "com.apple.product-type.app-extension";
		};
		06F2F4AF2DACDB4300980D16 /* Linky_macOS */ = {
			isa = PBXNativeTarget;
			buildConfigurationList = 06F2F4BE2DACDB4500980D16 /* Build configuration list for PBXNativeTarget "Linky_macOS" */;
			buildPhases = (
				06F2F4AC2DACDB4300980D16 /* Sources */,
				06F2F4AD2DACDB4300980D16 /* Frameworks */,
				06F2F4AE2DACDB4300980D16 /* Resources */,
			);
			buildRules = (
			);
			dependencies = (
			);
			fileSystemSynchronizedGroups = (
				06F2F4B12DACDB4300980D16 /* Linky_macOS */,
			);
			name = Linky_macOS;
			packageProductDependencies = (
			);
			productName = Linky_macOS;
			productReference = 06F2F4B02DACDB4300980D16 /* Linky_macOS.app */;
			productType = "com.apple.product-type.application";
		};
/* End PBXNativeTarget section */

/* Begin PBXProject section */
		062DFC172D8A6A1200DF43BF /* Project object */ = {
			isa = PBXProject;
			attributes = {
				BuildIndependentTargetsInParallel = 1;
				LastSwiftUpdateCheck = 1620;
				LastUpgradeCheck = 1620;
				TargetAttributes = {
					062DFC1E2D8A6A1200DF43BF = {
						CreatedOnToolsVersion = 16.2;
					};
					06DCB8B12DA36D1C000B649D = {
						CreatedOnToolsVersion = 16.2;
					};
					06F2F4AF2DACDB4300980D16 = {
						CreatedOnToolsVersion = 16.2;
					};
				};
			};
			buildConfigurationList = 062DFC1A2D8A6A1200DF43BF /* Build configuration list for PBXProject "Linky" */;
			developmentRegion = en;
			hasScannedForEncodings = 0;
			knownRegions = (
				en,
				Base,
			);
			mainGroup = 062DFC162D8A6A1200DF43BF;
			minimizedProjectReferenceProxies = 1;
			packageReferences = (
				06DB8D0C2DC721E000771BC2 /* XCRemoteSwiftPackageReference "Alamofire" */,
				06DB8D242DC7F87D00771BC2 /* XCRemoteSwiftPackageReference "SwiftKeychainWrapper" */,
			);
			preferredProjectObjectVersion = 77;
			productRefGroup = 062DFC202D8A6A1200DF43BF /* Products */;
			projectDirPath = "";
			projectRoot = "";
			targets = (
				062DFC1E2D8A6A1200DF43BF /* Linky */,
				06F2F4AF2DACDB4300980D16 /* Linky_macOS */,
				06DCB8B12DA36D1C000B649D /* ShareExtension */,
			);
		};
/* End PBXProject section */

/* Begin PBXResourcesBuildPhase section */
		062DFC1D2D8A6A1200DF43BF /* Resources */ = {
			isa = PBXResourcesBuildPhase;
			buildActionMask = 2147483647;
			files = (
			);
			runOnlyForDeploymentPostprocessing = 0;
		};
		06DCB8B02DA36D1C000B649D /* Resources */ = {
			isa = PBXResourcesBuildPhase;
			buildActionMask = 2147483647;
			files = (
			);
			runOnlyForDeploymentPostprocessing = 0;
		};
		06F2F4AE2DACDB4300980D16 /* Resources */ = {
			isa = PBXResourcesBuildPhase;
			buildActionMask = 2147483647;
			files = (
			);
			runOnlyForDeploymentPostprocessing = 0;
		};
/* End PBXResourcesBuildPhase section */

/* Begin PBXSourcesBuildPhase section */
		062DFC1B2D8A6A1200DF43BF /* Sources */ = {
			isa = PBXSourcesBuildPhase;
			buildActionMask = 2147483647;
			files = (
			);
			runOnlyForDeploymentPostprocessing = 0;
		};
		06DCB8AE2DA36D1C000B649D /* Sources */ = {
			isa = PBXSourcesBuildPhase;
			buildActionMask = 2147483647;
			files = (
			);
			runOnlyForDeploymentPostprocessing = 0;
		};
		06F2F4AC2DACDB4300980D16 /* Sources */ = {
			isa = PBXSourcesBuildPhase;
			buildActionMask = 2147483647;
			files = (
			);
			runOnlyForDeploymentPostprocessing = 0;
		};
/* End PBXSourcesBuildPhase section */

/* Begin PBXTargetDependency section */
		06DCB8BB2DA36D1C000B649D /* PBXTargetDependency */ = {
			isa = PBXTargetDependency;
			target = 06DCB8B12DA36D1C000B649D /* ShareExtension */;
			targetProxy = 06DCB8BA2DA36D1C000B649D /* PBXContainerItemProxy */;
		};
/* End PBXTargetDependency section */

/* Begin XCBuildConfiguration section */
		062DFC2B2D8A6A1300DF43BF /* Debug */ = {
			isa = XCBuildConfiguration;
			buildSettings = {
				ALWAYS_SEARCH_USER_PATHS = NO;
				ASSETCATALOG_COMPILER_GENERATE_SWIFT_ASSET_SYMBOL_EXTENSIONS = YES;
				CLANG_ANALYZER_NONNULL = YES;
				CLANG_ANALYZER_NUMBER_OBJECT_CONVERSION = YES_AGGRESSIVE;
				CLANG_CXX_LANGUAGE_STANDARD = "gnu++20";
				CLANG_ENABLE_MODULES = YES;
				CLANG_ENABLE_OBJC_ARC = YES;
				CLANG_ENABLE_OBJC_WEAK = YES;
				CLANG_WARN_BLOCK_CAPTURE_AUTORELEASING = YES;
				CLANG_WARN_BOOL_CONVERSION = YES;
				CLANG_WARN_COMMA = YES;
				CLANG_WARN_CONSTANT_CONVERSION = YES;
				CLANG_WARN_DEPRECATED_OBJC_IMPLEMENTATIONS = YES;
				CLANG_WARN_DIRECT_OBJC_ISA_USAGE = YES_ERROR;
				CLANG_WARN_DOCUMENTATION_COMMENTS = YES;
				CLANG_WARN_EMPTY_BODY = YES;
				CLANG_WARN_ENUM_CONVERSION = YES;
				CLANG_WARN_INFINITE_RECURSION = YES;
				CLANG_WARN_INT_CONVERSION = YES;
				CLANG_WARN_NON_LITERAL_NULL_CONVERSION = YES;
				CLANG_WARN_OBJC_IMPLICIT_RETAIN_SELF = YES;
				CLANG_WARN_OBJC_LITERAL_CONVERSION = YES;
				CLANG_WARN_OBJC_ROOT_CLASS = YES_ERROR;
				CLANG_WARN_QUOTED_INCLUDE_IN_FRAMEWORK_HEADER = YES;
				CLANG_WARN_RANGE_LOOP_ANALYSIS = YES;
				CLANG_WARN_STRICT_PROTOTYPES = YES;
				CLANG_WARN_SUSPICIOUS_MOVE = YES;
				CLANG_WARN_UNGUARDED_AVAILABILITY = YES_AGGRESSIVE;
				CLANG_WARN_UNREACHABLE_CODE = YES;
				CLANG_WARN__DUPLICATE_METHOD_MATCH = YES;
				COPY_PHASE_STRIP = NO;
				DEBUG_INFORMATION_FORMAT = dwarf;
				ENABLE_STRICT_OBJC_MSGSEND = YES;
				ENABLE_TESTABILITY = YES;
				ENABLE_USER_SCRIPT_SANDBOXING = YES;
				GCC_C_LANGUAGE_STANDARD = gnu17;
				GCC_DYNAMIC_NO_PIC = NO;
				GCC_NO_COMMON_BLOCKS = YES;
				GCC_OPTIMIZATION_LEVEL = 0;
				GCC_PREPROCESSOR_DEFINITIONS = (
					"DEBUG=1",
					"$(inherited)",
				);
				GCC_WARN_64_TO_32_BIT_CONVERSION = YES;
				GCC_WARN_ABOUT_RETURN_TYPE = YES_ERROR;
				GCC_WARN_UNDECLARED_SELECTOR = YES;
				GCC_WARN_UNINITIALIZED_AUTOS = YES_AGGRESSIVE;
				GCC_WARN_UNUSED_FUNCTION = YES;
				GCC_WARN_UNUSED_VARIABLE = YES;
				IPHONEOS_DEPLOYMENT_TARGET = 18.2;
				LOCALIZATION_PREFERS_STRING_CATALOGS = YES;
				MTL_ENABLE_DEBUG_INFO = INCLUDE_SOURCE;
				MTL_FAST_MATH = YES;
				ONLY_ACTIVE_ARCH = YES;
				SDKROOT = iphoneos;
				SWIFT_ACTIVE_COMPILATION_CONDITIONS = "DEBUG $(inherited)";
				SWIFT_OPTIMIZATION_LEVEL = "-Onone";
			};
			name = Debug;
		};
		062DFC2C2D8A6A1300DF43BF /* Release */ = {
			isa = XCBuildConfiguration;
			buildSettings = {
				ALWAYS_SEARCH_USER_PATHS = NO;
				ASSETCATALOG_COMPILER_GENERATE_SWIFT_ASSET_SYMBOL_EXTENSIONS = YES;
				CLANG_ANALYZER_NONNULL = YES;
				CLANG_ANALYZER_NUMBER_OBJECT_CONVERSION = YES_AGGRESSIVE;
				CLANG_CXX_LANGUAGE_STANDARD = "gnu++20";
				CLANG_ENABLE_MODULES = YES;
				CLANG_ENABLE_OBJC_ARC = YES;
				CLANG_ENABLE_OBJC_WEAK = YES;
				CLANG_WARN_BLOCK_CAPTURE_AUTORELEASING = YES;
				CLANG_WARN_BOOL_CONVERSION = YES;
				CLANG_WARN_COMMA = YES;
				CLANG_WARN_CONSTANT_CONVERSION = YES;
				CLANG_WARN_DEPRECATED_OBJC_IMPLEMENTATIONS = YES;
				CLANG_WARN_DIRECT_OBJC_ISA_USAGE = YES_ERROR;
				CLANG_WARN_DOCUMENTATION_COMMENTS = YES;
				CLANG_WARN_EMPTY_BODY = YES;
				CLANG_WARN_ENUM_CONVERSION = YES;
				CLANG_WARN_INFINITE_RECURSION = YES;
				CLANG_WARN_INT_CONVERSION = YES;
				CLANG_WARN_NON_LITERAL_NULL_CONVERSION = YES;
				CLANG_WARN_OBJC_IMPLICIT_RETAIN_SELF = YES;
				CLANG_WARN_OBJC_LITERAL_CONVERSION = YES;
				CLANG_WARN_OBJC_ROOT_CLASS = YES_ERROR;
				CLANG_WARN_QUOTED_INCLUDE_IN_FRAMEWORK_HEADER = YES;
				CLANG_WARN_RANGE_LOOP_ANALYSIS = YES;
				CLANG_WARN_STRICT_PROTOTYPES = YES;
				CLANG_WARN_SUSPICIOUS_MOVE = YES;
				CLANG_WARN_UNGUARDED_AVAILABILITY = YES_AGGRESSIVE;
				CLANG_WARN_UNREACHABLE_CODE = YES;
				CLANG_WARN__DUPLICATE_METHOD_MATCH = YES;
				COPY_PHASE_STRIP = NO;
				DEBUG_INFORMATION_FORMAT = "dwarf-with-dsym";
				ENABLE_NS_ASSERTIONS = NO;
				ENABLE_STRICT_OBJC_MSGSEND = YES;
				ENABLE_USER_SCRIPT_SANDBOXING = YES;
				GCC_C_LANGUAGE_STANDARD = gnu17;
				GCC_NO_COMMON_BLOCKS = YES;
				GCC_WARN_64_TO_32_BIT_CONVERSION = YES;
				GCC_WARN_ABOUT_RETURN_TYPE = YES_ERROR;
				GCC_WARN_UNDECLARED_SELECTOR = YES;
				GCC_WARN_UNINITIALIZED_AUTOS = YES_AGGRESSIVE;
				GCC_WARN_UNUSED_FUNCTION = YES;
				GCC_WARN_UNUSED_VARIABLE = YES;
				IPHONEOS_DEPLOYMENT_TARGET = 18.2;
				LOCALIZATION_PREFERS_STRING_CATALOGS = YES;
				MTL_ENABLE_DEBUG_INFO = NO;
				MTL_FAST_MATH = YES;
				SDKROOT = iphoneos;
				SWIFT_COMPILATION_MODE = wholemodule;
				VALIDATE_PRODUCT = YES;
			};
			name = Release;
		};
		062DFC2E2D8A6A1300DF43BF /* Debug */ = {
			isa = XCBuildConfiguration;
			buildSettings = {
				ASSETCATALOG_COMPILER_APPICON_NAME = AppIcon;
				ASSETCATALOG_COMPILER_GLOBAL_ACCENT_COLOR_NAME = AccentColor;
				CODE_SIGN_ENTITLEMENTS = Linky/Linky.entitlements;
				CODE_SIGN_STYLE = Automatic;
				CURRENT_PROJECT_VERSION = 1;
				DEVELOPMENT_TEAM = 72N6BJ6U9G;
				ENABLE_PREVIEWS = YES;
				GENERATE_INFOPLIST_FILE = YES;
				INFOPLIST_FILE = Linky/Info.plist;
				INFOPLIST_KEY_UIApplicationSceneManifest_Generation = YES;
				INFOPLIST_KEY_UIApplicationSupportsIndirectInputEvents = YES;
				INFOPLIST_KEY_UILaunchScreen_Generation = YES;
				INFOPLIST_KEY_UISupportedInterfaceOrientations_iPad = "UIInterfaceOrientationPortrait UIInterfaceOrientationPortraitUpsideDown UIInterfaceOrientationLandscapeLeft UIInterfaceOrientationLandscapeRight";
				INFOPLIST_KEY_UISupportedInterfaceOrientations_iPhone = "UIInterfaceOrientationPortrait UIInterfaceOrientationLandscapeLeft UIInterfaceOrientationLandscapeRight";
				LD_RUNPATH_SEARCH_PATHS = (
					"$(inherited)",
					"@executable_path/Frameworks",
				);
				MARKETING_VERSION = 1.0;
				PRODUCT_BUNDLE_IDENTIFIER = hoit1011.Linky;
				PRODUCT_NAME = "$(TARGET_NAME)";
				SWIFT_EMIT_LOC_STRINGS = YES;
				SWIFT_VERSION = 5.0;
				TARGETED_DEVICE_FAMILY = "1,2";
			};
			name = Debug;
		};
		062DFC2F2D8A6A1300DF43BF /* Release */ = {
			isa = XCBuildConfiguration;
			buildSettings = {
				ASSETCATALOG_COMPILER_APPICON_NAME = AppIcon;
				ASSETCATALOG_COMPILER_GLOBAL_ACCENT_COLOR_NAME = AccentColor;
				CODE_SIGN_ENTITLEMENTS = Linky/Linky.entitlements;
				CODE_SIGN_STYLE = Automatic;
				CURRENT_PROJECT_VERSION = 1;
				DEVELOPMENT_TEAM = 72N6BJ6U9G;
				ENABLE_PREVIEWS = YES;
				GENERATE_INFOPLIST_FILE = YES;
				INFOPLIST_FILE = Linky/Info.plist;
				INFOPLIST_KEY_UIApplicationSceneManifest_Generation = YES;
				INFOPLIST_KEY_UIApplicationSupportsIndirectInputEvents = YES;
				INFOPLIST_KEY_UILaunchScreen_Generation = YES;
				INFOPLIST_KEY_UISupportedInterfaceOrientations_iPad = "UIInterfaceOrientationPortrait UIInterfaceOrientationPortraitUpsideDown UIInterfaceOrientationLandscapeLeft UIInterfaceOrientationLandscapeRight";
				INFOPLIST_KEY_UISupportedInterfaceOrientations_iPhone = "UIInterfaceOrientationPortrait UIInterfaceOrientationLandscapeLeft UIInterfaceOrientationLandscapeRight";
				LD_RUNPATH_SEARCH_PATHS = (
					"$(inherited)",
					"@executable_path/Frameworks",
				);
				MARKETING_VERSION = 1.0;
				PRODUCT_BUNDLE_IDENTIFIER = hoit1011.Linky;
				PRODUCT_NAME = "$(TARGET_NAME)";
				SWIFT_EMIT_LOC_STRINGS = YES;
				SWIFT_VERSION = 5.0;
				TARGETED_DEVICE_FAMILY = "1,2";
			};
			name = Release;
		};
		06DCB8BE2DA36D1C000B649D /* Debug */ = {
			isa = XCBuildConfiguration;
			buildSettings = {
				CODE_SIGN_ENTITLEMENTS = ShareExtension/ShareExtension.entitlements;
				CODE_SIGN_STYLE = Automatic;
				CURRENT_PROJECT_VERSION = 1;
				DEVELOPMENT_TEAM = 72N6BJ6U9G;
				GENERATE_INFOPLIST_FILE = YES;
				INFOPLIST_FILE = ShareExtension/Info.plist;
				INFOPLIST_KEY_CFBundleDisplayName = ShareExtension;
				INFOPLIST_KEY_NSHumanReadableCopyright = "";
				LD_RUNPATH_SEARCH_PATHS = (
					"$(inherited)",
					"@executable_path/Frameworks",
					"@executable_path/../../Frameworks",
				);
				MARKETING_VERSION = 1.0;
				PRODUCT_BUNDLE_IDENTIFIER = hoit1011.Linky.ShareExtension;
				PRODUCT_NAME = "$(TARGET_NAME)";
				SKIP_INSTALL = YES;
				SWIFT_EMIT_LOC_STRINGS = YES;
				SWIFT_VERSION = 5.0;
				TARGETED_DEVICE_FAMILY = "1,2";
			};
			name = Debug;
		};
		06DCB8BF2DA36D1C000B649D /* Release */ = {
			isa = XCBuildConfiguration;
			buildSettings = {
				CODE_SIGN_ENTITLEMENTS = ShareExtension/ShareExtension.entitlements;
				CODE_SIGN_STYLE = Automatic;
				CURRENT_PROJECT_VERSION = 1;
				DEVELOPMENT_TEAM = 72N6BJ6U9G;
				GENERATE_INFOPLIST_FILE = YES;
				INFOPLIST_FILE = ShareExtension/Info.plist;
				INFOPLIST_KEY_CFBundleDisplayName = ShareExtension;
				INFOPLIST_KEY_NSHumanReadableCopyright = "";
				LD_RUNPATH_SEARCH_PATHS = (
					"$(inherited)",
					"@executable_path/Frameworks",
					"@executable_path/../../Frameworks",
				);
				MARKETING_VERSION = 1.0;
				PRODUCT_BUNDLE_IDENTIFIER = hoit1011.Linky.ShareExtension;
				PRODUCT_NAME = "$(TARGET_NAME)";
				SKIP_INSTALL = YES;
				SWIFT_EMIT_LOC_STRINGS = YES;
				SWIFT_VERSION = 5.0;
				TARGETED_DEVICE_FAMILY = "1,2";
			};
			name = Release;
		};
		06F2F4BC2DACDB4500980D16 /* Debug */ = {
			isa = XCBuildConfiguration;
			buildSettings = {
				ASSETCATALOG_COMPILER_APPICON_NAME = AppIcon;
				ASSETCATALOG_COMPILER_GLOBAL_ACCENT_COLOR_NAME = AccentColor;
				CODE_SIGN_ENTITLEMENTS = Linky_macOS/Linky_macOS.entitlements;
				CODE_SIGN_STYLE = Automatic;
				COMBINE_HIDPI_IMAGES = YES;
				CURRENT_PROJECT_VERSION = 1;
				DEVELOPMENT_ASSET_PATHS = "\"Linky_macOS/Preview Content\"";
				DEVELOPMENT_TEAM = 72N6BJ6U9G;
				ENABLE_HARDENED_RUNTIME = YES;
				ENABLE_PREVIEWS = YES;
				GENERATE_INFOPLIST_FILE = YES;
				INFOPLIST_FILE = "Linky-macOS-Info.plist";
				INFOPLIST_KEY_LSUIElement = YES;
				INFOPLIST_KEY_NSHumanReadableCopyright = "";
				LD_RUNPATH_SEARCH_PATHS = (
					"$(inherited)",
					"@executable_path/../Frameworks",
				);
				MACOSX_DEPLOYMENT_TARGET = 15.1;
				MARKETING_VERSION = 1.0;
				PRODUCT_BUNDLE_IDENTIFIER = "hoit1011.Linky-macOS";
				PRODUCT_NAME = "$(TARGET_NAME)";
				SDKROOT = macosx;
				SWIFT_EMIT_LOC_STRINGS = YES;
				SWIFT_VERSION = 5.0;
			};
			name = Debug;
		};
		06F2F4BD2DACDB4500980D16 /* Release */ = {
			isa = XCBuildConfiguration;
			buildSettings = {
				ASSETCATALOG_COMPILER_APPICON_NAME = AppIcon;
				ASSETCATALOG_COMPILER_GLOBAL_ACCENT_COLOR_NAME = AccentColor;
				CODE_SIGN_ENTITLEMENTS = Linky_macOS/Linky_macOS.entitlements;
				CODE_SIGN_STYLE = Automatic;
				COMBINE_HIDPI_IMAGES = YES;
				CURRENT_PROJECT_VERSION = 1;
				DEVELOPMENT_ASSET_PATHS = "\"Linky_macOS/Preview Content\"";
				DEVELOPMENT_TEAM = 72N6BJ6U9G;
				ENABLE_HARDENED_RUNTIME = YES;
				ENABLE_PREVIEWS = YES;
				GENERATE_INFOPLIST_FILE = YES;
				INFOPLIST_FILE = "Linky-macOS-Info.plist";
				INFOPLIST_KEY_LSUIElement = YES;
				INFOPLIST_KEY_NSHumanReadableCopyright = "";
				LD_RUNPATH_SEARCH_PATHS = (
					"$(inherited)",
					"@executable_path/../Frameworks",
				);
				MACOSX_DEPLOYMENT_TARGET = 15.1;
				MARKETING_VERSION = 1.0;
				PRODUCT_BUNDLE_IDENTIFIER = "hoit1011.Linky-macOS";
				PRODUCT_NAME = "$(TARGET_NAME)";
				SDKROOT = macosx;
				SWIFT_EMIT_LOC_STRINGS = YES;
				SWIFT_VERSION = 5.0;
			};
			name = Release;
		};
/* End XCBuildConfiguration section */

/* Begin XCConfigurationList section */
		062DFC1A2D8A6A1200DF43BF /* Build configuration list for PBXProject "Linky" */ = {
			isa = XCConfigurationList;
			buildConfigurations = (
				062DFC2B2D8A6A1300DF43BF /* Debug */,
				062DFC2C2D8A6A1300DF43BF /* Release */,
			);
			defaultConfigurationIsVisible = 0;
			defaultConfigurationName = Release;
		};
		062DFC2D2D8A6A1300DF43BF /* Build configuration list for PBXNativeTarget "Linky" */ = {
			isa = XCConfigurationList;
			buildConfigurations = (
				062DFC2E2D8A6A1300DF43BF /* Debug */,
				062DFC2F2D8A6A1300DF43BF /* Release */,
			);
			defaultConfigurationIsVisible = 0;
			defaultConfigurationName = Release;
		};
		06DCB8C02DA36D1C000B649D /* Build configuration list for PBXNativeTarget "ShareExtension" */ = {
			isa = XCConfigurationList;
			buildConfigurations = (
				06DCB8BE2DA36D1C000B649D /* Debug */,
				06DCB8BF2DA36D1C000B649D /* Release */,
			);
			defaultConfigurationIsVisible = 0;
			defaultConfigurationName = Release;
		};
		06F2F4BE2DACDB4500980D16 /* Build configuration list for PBXNativeTarget "Linky_macOS" */ = {
			isa = XCConfigurationList;
			buildConfigurations = (
				06F2F4BC2DACDB4500980D16 /* Debug */,
				06F2F4BD2DACDB4500980D16 /* Release */,
			);
			defaultConfigurationIsVisible = 0;
			defaultConfigurationName = Release;
		};
/* End XCConfigurationList section */

/* Begin XCRemoteSwiftPackageReference section */
		06DB8D0C2DC721E000771BC2 /* XCRemoteSwiftPackageReference "Alamofire" */ = {
			isa = XCRemoteSwiftPackageReference;
			repositoryURL = "https://github.com/Alamofire/Alamofire.git";
			requirement = {
				kind = upToNextMajorVersion;
				minimumVersion = 5.10.2;
			};
		};
		06DB8D242DC7F87D00771BC2 /* XCRemoteSwiftPackageReference "SwiftKeychainWrapper" */ = {
			isa = XCRemoteSwiftPackageReference;
			repositoryURL = "https://github.com/jrendel/SwiftKeychainWrapper";
			requirement = {
				kind = upToNextMajorVersion;
				minimumVersion = 4.0.1;
			};
		};
/* End XCRemoteSwiftPackageReference section */

/* Begin XCSwiftPackageProductDependency section */
		062035AC2DED982E000C1182 /* SwiftKeychainWrapper */ = {
			isa = XCSwiftPackageProductDependency;
			package = 06DB8D242DC7F87D00771BC2 /* XCRemoteSwiftPackageReference "SwiftKeychainWrapper" */;
			productName = SwiftKeychainWrapper;
		};
		062035AE2DED9B77000C1182 /* Alamofire */ = {
			isa = XCSwiftPackageProductDependency;
			package = 06DB8D0C2DC721E000771BC2 /* XCRemoteSwiftPackageReference "Alamofire" */;
			productName = Alamofire;
		};
		06DB8D0D2DC721E000771BC2 /* Alamofire */ = {
			isa = XCSwiftPackageProductDependency;
			package = 06DB8D0C2DC721E000771BC2 /* XCRemoteSwiftPackageReference "Alamofire" */;
			productName = Alamofire;
		};
		06DB8D252DC7F87D00771BC2 /* SwiftKeychainWrapper */ = {
			isa = XCSwiftPackageProductDependency;
			package = 06DB8D242DC7F87D00771BC2 /* XCRemoteSwiftPackageReference "SwiftKeychainWrapper" */;
			productName = SwiftKeychainWrapper;
		};
/* End XCSwiftPackageProductDependency section */
	};
	rootObject = 062DFC172D8A6A1200DF43BF /* Project object */;
}
